
Microsoft Visual Studio Solution File, Format Version 12.00
# Visual Studio 15
Project("{FAE04EC0-301F-11D3-BF4B-00C04F79EFBC}") = "Assembly-CSharp", "Assembly-CSharp.csproj", "{99EF6E33-DBD5-9F1D-5C72-DB395B987A2F}"
EndProject
Project("{FAE04EC0-301F-11D3-BF4B-00C04F79EFBC}") = "Assembly-CSharp-Editor", "Assembly-CSharp-Editor.csproj", "{94A9B6CD-5442-EDA6-59F1-96E4F3C7F6E3}"
EndProject
Global
	GlobalSection(SolutionConfigurationPlatforms) = preSolution
		Debug|Any CPU = Debug|Any CPU
		Release|Any CPU = Release|Any CPU
	EndGlobalSection
	GlobalSection(ProjectConfigurationPlatforms) = postSolution
		{99EF6E33-DBD5-9F1D-5C72-DB395B987A2F}.Debug|Any CPU.ActiveCfg = Debug|Any CPU
		{99EF6E33-DBD5-9F1D-5C72-DB395B987A2F}.Debug|Any CPU.Build.0 = Debug|Any CPU
		{99EF6E33-DBD5-9F1D-5C72-DB395B987A2F}.Release|Any CPU.ActiveCfg = Release|Any CPU
		{99EF6E33-DBD5-9F1D-5C72-DB395B987A2F}.Release|Any CPU.Build.0 = Release|Any CPU
		{94A9B6CD-5442-EDA6-59F1-96E4F3C7F6E3}.Debug|Any CPU.ActiveCfg = Debug|Any CPU
		{94A9B6CD-5442-EDA6-59F1-96E4F3C7F6E3}.Debug|Any CPU.Build.0 = Debug|Any CPU
		{94A9B6CD-5442-EDA6-59F1-96E4F3C7F6E3}.Release|Any CPU.ActiveCfg = Release|Any CPU
		{94A9B6CD-5442-EDA6-59F1-96E4F3C7F6E3}.Release|Any CPU.Build.0 = Release|Any CPU
	EndGlobalSection
	GlobalSection(SolutionProperties) = preSolution
		HideSolutionNode = FALSE
	EndGlobalSection
EndGlobal
